{
  "lockfileVersion": 1,
  "configVersion": 1,
  "workspaces": {
    "": {
      "name": "hirly",
      "devDependencies": {
        "@types/bun": "1.3.14",
        "typescript": "5.9.3",
      },
    },
    "apps/analytics-backfill": {
      "name": "@hirly/analytics-backfill",
      "version": "0.1.0",
      "dependencies": {
        "@hirly/contracts": "workspace:*",
        "@hirly/db": "workspace:*",
      },
      "devDependencies": {
        "typescript": "5.9.3",
      },
    },
    "apps/job-ingestion-audit": {
      "name": "@hirly/job-ingestion-audit",
      "version": "0.1.0",
      "dependencies": {
        "@hirly/db": "workspace:*",
        "@hirly/ingestion": "workspace:*",
        "postgres": "3.4.7",
      },
      "devDependencies": {
        "@types/bun": "1.3.14",
        "typescript": "5.9.3",
      },
    },
    "apps/worker": {
      "name": "@hirly/worker",
      "version": "0.1.0",
      "dependencies": {
        "@hirly/config": "workspace:*",
        "@hirly/contracts": "workspace:*",
        "@hirly/db": "workspace:*",
        "@hirly/ingestion": "workspace:*",
        "@hirly/observability": "workspace:*",
        "zod": "4.1.12",
      },
      "devDependencies": {
        "typescript": "5.9.3",
      },
    },
    "packages/config": {
      "name": "@hirly/config",
      "version": "0.1.0",
      "dependencies": {
        "zod": "4.1.12",
      },
      "devDependencies": {
        "typescript": "5.9.3",
      },
    },
    "packages/contracts": {
      "name": "@hirly/contracts",
      "version": "0.1.0",
      "dependencies": {
        "zod": "4.1.12",
      },
      "devDependencies": {
        "typescript": "5.9.3",
      },
    },
    "packages/db": {
      "name": "@hirly/db",
      "version": "0.1.0",
      "dependencies": {
        "@hirly/contracts": "workspace:*",
        "postgres": "3.4.7",
      },
      "devDependencies": {
        "typescript": "5.9.3",
      },
    },
    "packages/ingestion": {
      "name": "@hirly/ingestion",
      "version": "0.1.0",
      "dependencies": {
        "@hirly/contracts": "workspace:*",
      },
      "devDependencies": {
        "typescript": "5.9.3",
      },
    },
    "packages/observability": {
      "name": "@hirly/observability",
      "version": "0.1.0",
      "dependencies": {
        "zod": "4.1.12",
      },
      "devDependencies": {
        "typescript": "5.9.3",
      },
    },
  },
  "packages": {
    "@hirly/analytics-backfill": ["@hirly/analytics-backfill@workspace:apps/analytics-backfill"],

    "@hirly/config": ["@hirly/config@workspace:packages/config"],

    "@hirly/contracts": ["@hirly/contracts@workspace:packages/contracts"],

    "@hirly/db": ["@hirly/db@workspace:packages/db"],

    "@hirly/ingestion": ["@hirly/ingestion@workspace:packages/ingestion"],

    "@hirly/job-ingestion-audit": ["@hirly/job-ingestion-audit@workspace:apps/job-ingestion-audit"],

    "@hirly/observability": ["@hirly/observability@workspace:packages/observability"],

    "@hirly/worker": ["@hirly/worker@workspace:apps/worker"],

    "@types/bun": ["@types/bun@1.3.14", "", { "dependencies": { "bun-types": "1.3.14" } }, "sha512-h1hFqFVcvAvD9j9K7ZW7vd82aSA+rTdznZa+5bwvCwqSB1jmmfLcbIWhOLx1/+boy/xmjgCs/OMUL8hRJSmnPw=="],

    "@types/node": ["@types/node@26.1.1", "", { "dependencies": { "undici-types": "~8.3.0" } }, "sha512-nxAkRSVkN1Y0JC1W8ky/fTfkGsMmcrRsbx+3XoZE+rMOX71kLYTV7fLXpqud1GpbpP5TuffXFqfX7fH2GgZREw=="],

    "bun-types": ["bun-types@1.3.14", "", { "dependencies": { "@types/node": "*" } }, "sha512-4N0ig0fEomHt5R0KCFWjovxow98rIoRwKolrYdCcknNwMekCXRnWEUvgu5soYV8QXtVsrUD8B95MBOZGPvr6KQ=="],

    "postgres": ["postgres@3.4.7", "", {}, "sha512-Jtc2612XINuBjIl/QTWsV5UvE8UHuNblcO3vVADSrKsrc6RqGX6lOW1cEo3CM2v0XG4Nat8nI+YM7/f26VxXLw=="],

    "typescript": ["typescript@5.9.3", "", { "bin": { "tsc": "bin/tsc", "tsserver": "bin/tsserver" } }, "sha512-jl1vZzPDinLr9eUt3J/t7V6FgNEw9QjvBPdysz9KfQDD41fQrC2Y4vKQdiaUpFT4bXlb1RHhLpp8wtm6M5TgSw=="],

    "undici-types": ["undici-types@8.3.0", "", {}, "sha512-j375ScV60dom+YkPFIfTLcOiPxkN/buHz5GobjLhixFuANaNs3C9l4GmrWqejgXWJ7BbJcFYpTEUkS1Ge8bpZQ=="],

    "zod": ["zod@4.1.12", "", {}, "sha512-JInaHOamG8pt5+Ey8kGmdcAcg3OL9reK8ltczgHTAwNhMys/6ThXHityHxVV2p3fkw/c+MAvBHFVYHFZDmjMCQ=="],
  }
}
